// !$*UTF8*$!
{
	archiveVersion = 1;
	classes = {
	};
	objectVersion = 70;
	objects = {

/* Begin PBXBuildFile section */
		DF0AA4B72C5932C100692B31 /* NewCourseViewController.swift in Sources */ = {isa = PBXBuildFile; fileRef = DF0AA4B62C5932C100692B31 /* NewCourseViewController.swift */; };
		DF1B0F332C8A9A1800CA2CD4 /* ScheduleManagerViewController.swift in Sources */ = {isa = PBXBuildFile; fileRef = DF1B0F322C8A9A1100CA2CD4 /* ScheduleManagerViewController.swift */; };
		DF1B0F352C8BD33300CA2CD4 /* DayScheduleCustomizationViewController.swift in Sources */ = {isa = PBXBuildFile; fileRef = DF1B0F342C8BD32A00CA2CD4 /* DayScheduleCustomizationViewController.swift */; };
		DF338D872C27217D00E22348 /* AppDelegate.swift in Sources */ = {isa = PBXBuildFile; fileRef = DF338D862C27217D00E22348 /* AppDelegate.swift */; };
		DF338D8B2C27217D00E22348 /* ViewController.swift in Sources */ = {isa = PBXBuildFile; fileRef = DF338D8A2C27217D00E22348 /* ViewController.swift */; };
		DF338D902C27217F00E22348 /* Assets.xcassets in Resources */ = {isa = PBXBuildFile; fileRef = DF338D8F2C27217F00E22348 /* Assets.xcassets */; };
		DF338D932C27217F00E22348 /* Base in Resources */ = {isa = PBXBuildFile; fileRef = DF338D922C27217F00E22348 /* Base */; };
		DF65121F2C53F175009ADB8E /* CourseInfoViewController.swift in Sources */ = {isa = PBXBuildFile; fileRef = DF65121E2C53F175009ADB8E /* CourseInfoViewController.swift */; };
		DF6512212C53F2A5009ADB8E /* Delegates.swift in Sources */ = {isa = PBXBuildFile; fileRef = DF6512202C53F2A5009ADB8E /* Delegates.swift */; };
		DF677ED42C8E5DB7009A407E /* SettingsViewController.swift in Sources */ = {isa = PBXBuildFile; fileRef = DF677ED32C8E5DB2009A407E /* SettingsViewController.swift */; };
		DF677ED62C8FBF54009A407E /* DataManagementViewController.swift in Sources */ = {isa = PBXBuildFile; fileRef = DF677ED52C8FBF4D009A407E /* DataManagementViewController.swift */; };
		DF7587E02C76EA3300EBAFCB /* FullCourseListViewController.swift in Sources */ = {isa = PBXBuildFile; fileRef = DF7587DF2C76EA3300EBAFCB /* FullCourseListViewController.swift */; };
		DFC4D21E2C91BB3600737A85 /* WidgetKit.framework in Frameworks */ = {isa = PBXBuildFile; fileRef = DFC4D1FD2C913F2400737A85 /* WidgetKit.framework */; };
		DFC4D21F2C91BB3600737A85 /* SwiftUI.framework in Frameworks */ = {isa = PBXBuildFile; fileRef = DFC4D1FF2C913F2400737A85 /* SwiftUI.framework */; };
		DFC4D22C2C91BB3800737A85 /* CourseActivityWidgetExtensionExtension.appex in Embed Foundation Extensions */ = {isa = PBXBuildFile; fileRef = DFC4D21D2C91BB3600737A85 /* CourseActivityWidgetExtensionExtension.appex */; settings = {ATTRIBUTES = (RemoveHeadersOnCopy, ); }; };
		DFC4D2342C91BBD600737A85 /* CourseActivityAttributes.swift in Sources */ = {isa = PBXBuildFile; fileRef = DFC4D2332C91BBD600737A85 /* CourseActivityAttributes.swift */; };
		DFC4D2352C91BBD600737A85 /* CourseActivityAttributes.swift in Sources */ = {isa = PBXBuildFile; fileRef = DFC4D2332C91BBD600737A85 /* CourseActivityAttributes.swift */; };
		DFF33C5A2C27704800EB915A /* Model.swift in Sources */ = {isa = PBXBuildFile; fileRef = DFF33C592C27704800EB915A /* Model.swift */; };
		DFF33C5C2C27717600EB915A /* CourseViewModel.swift in Sources */ = {isa = PBXBuildFile; fileRef = DFF33C5B2C27717600EB915A /* CourseViewModel.swift */; };
		DFF33C5E2C2771E200EB915A /* Extensions.swift in Sources */ = {isa = PBXBuildFile; fileRef = DFF33C5D2C2771E200EB915A /* Extensions.swift */; };
		DFF33C602C277E4D00EB915A /* CourseCell.swift in Sources */ = {isa = PBXBuildFile; fileRef = DFF33C5F2C277E4D00EB915A /* CourseCell.swift */; };
		DFF33C622C2A67DD00EB915A /* BottomSheetViewController.swift in Sources */ = {isa = PBXBuildFile; fileRef = DFF33C612C2A67DD00EB915A /* BottomSheetViewController.swift */; };
/* End PBXBuildFile section */

/* Begin PBXContainerItemProxy section */
		DFC4D22A2C91BB3800737A85 /* PBXContainerItemProxy */ = {
			isa = PBXContainerItemProxy;
			containerPortal = DF338D7B2C27217D00E22348 /* Project object */;
			proxyType = 1;
			remoteGlobalIDString = DFC4D21C2C91BB3600737A85;
			remoteInfo = CourseActivityWidgetExtensionExtension;
		};
/* End PBXContainerItemProxy section */

/* Begin PBXCopyFilesBuildPhase section */
		DFC4D2162C913F2600737A85 /* Embed Foundation Extensions */ = {
			isa = PBXCopyFilesBuildPhase;
			buildActionMask = 2147483647;
			dstPath = "";
			dstSubfolderSpec = 13;
			files = (
				DFC4D22C2C91BB3800737A85 /* CourseActivityWidgetExtensionExtension.appex in Embed Foundation Extensions */,
			);
			name = "Embed Foundation Extensions";
			runOnlyForDeploymentPostprocessing = 0;
		};
/* End PBXCopyFilesBuildPhase section */

/* Begin PBXFileReference section */
		DF0AA4B62C5932C100692B31 /* NewCourseViewController.swift */ = {isa = PBXFileReference; lastKnownFileType = sourcecode.swift; path = NewCourseViewController.swift; sourceTree = "<group>"; };
		DF1B0F322C8A9A1100CA2CD4 /* ScheduleManagerViewController.swift */ = {isa = PBXFileReference; lastKnownFileType = sourcecode.swift; path = ScheduleManagerViewController.swift; sourceTree = "<group>"; };
		DF1B0F342C8BD32A00CA2CD4 /* DayScheduleCustomizationViewController.swift */ = {isa = PBXFileReference; lastKnownFileType = sourcecode.swift; path = DayScheduleCustomizationViewController.swift; sourceTree = "<group>"; };
		DF338D832C27217D00E22348 /* Scope-Class Tracker.app */ = {isa = PBXFileReference; explicitFileType = wrapper.application; includeInIndex = 0; path = "Scope-Class Tracker.app"; sourceTree = BUILT_PRODUCTS_DIR; };
		DF338D862C27217D00E22348 /* AppDelegate.swift */ = {isa = PBXFileReference; lastKnownFileType = sourcecode.swift; path = AppDelegate.swift; sourceTree = "<group>"; };
		DF338D8A2C27217D00E22348 /* ViewController.swift */ = {isa = PBXFileReference; lastKnownFileType = sourcecode.swift; path = ViewController.swift; sourceTree = "<group>"; };
		DF338D8F2C27217F00E22348 /* Assets.xcassets */ = {isa = PBXFileReference; lastKnownFileType = folder.assetcatalog; path = Assets.xcassets; sourceTree = "<group>"; };
		DF338D922C27217F00E22348 /* Base */ = {isa = PBXFileReference; lastKnownFileType = file.storyboard; name = Base; path = Base.lproj/LaunchScreen.storyboard; sourceTree = "<group>"; };
		DF338D942C27217F00E22348 /* Info.plist */ = {isa = PBXFileReference; lastKnownFileType = text.plist.xml; path = Info.plist; sourceTree = "<group>"; };
		DF65121E2C53F175009ADB8E /* CourseInfoViewController.swift */ = {isa = PBXFileReference; lastKnownFileType = sourcecode.swift; path = CourseInfoViewController.swift; sourceTree = "<group>"; };
		DF6512202C53F2A5009ADB8E /* Delegates.swift */ = {isa = PBXFileReference; lastKnownFileType = sourcecode.swift; path = Delegates.swift; sourceTree = "<group>"; };
		DF677ED32C8E5DB2009A407E /* SettingsViewController.swift */ = {isa = PBXFileReference; lastKnownFileType = sourcecode.swift; path = SettingsViewController.swift; sourceTree = "<group>"; };
		DF677ED52C8FBF4D009A407E /* DataManagementViewController.swift */ = {isa = PBXFileReference; lastKnownFileType = sourcecode.swift; path = DataManagementViewController.swift; sourceTree = "<group>"; };
		DF7587DF2C76EA3300EBAFCB /* FullCourseListViewController.swift */ = {isa = PBXFileReference; lastKnownFileType = sourcecode.swift; path = FullCourseListViewController.swift; sourceTree = "<group>"; };
		DFC4D1FD2C913F2400737A85 /* WidgetKit.framework */ = {isa = PBXFileReference; lastKnownFileType = wrapper.framework; name = WidgetKit.framework; path = System/Library/Frameworks/WidgetKit.framework; sourceTree = SDKROOT; };
		DFC4D1FF2C913F2400737A85 /* SwiftUI.framework */ = {isa = PBXFileReference; lastKnownFileType = wrapper.framework; name = SwiftUI.framework; path = System/Library/Frameworks/SwiftUI.framework; sourceTree = SDKROOT; };
		DFC4D21D2C91BB3600737A85 /* CourseActivityWidgetExtensionExtension.appex */ = {isa = PBXFileReference; explicitFileType = "wrapper.app-extension"; includeInIndex = 0; path = CourseActivityWidgetExtensionExtension.appex; sourceTree = BUILT_PRODUCTS_DIR; };
		DFC4D2332C91BBD600737A85 /* CourseActivityAttributes.swift */ = {isa = PBXFileReference; lastKnownFileType = sourcecode.swift; path = CourseActivityAttributes.swift; sourceTree = "<group>"; };
		DFF33C582C2732A600EB915A /* Scope.entitlements */ = {isa = PBXFileReference; lastKnownFileType = text.plist.entitlements; path = Scope.entitlements; sourceTree = "<group>"; };
		DFF33C592C27704800EB915A /* Model.swift */ = {isa = PBXFileReference; lastKnownFileType = sourcecode.swift; path = Model.swift; sourceTree = "<group>"; };
		DFF33C5B2C27717600EB915A /* CourseViewModel.swift */ = {isa = PBXFileReference; lastKnownFileType = sourcecode.swift; path = CourseViewModel.swift; sourceTree = "<group>"; };
		DFF33C5D2C2771E200EB915A /* Extensions.swift */ = {isa = PBXFileReference; lastKnownFileType = sourcecode.swift; path = Extensions.swift; sourceTree = "<group>"; };
		DFF33C5F2C277E4D00EB915A /* CourseCell.swift */ = {isa = PBXFileReference; lastKnownFileType = sourcecode.swift; path = CourseCell.swift; sourceTree = "<group>"; };
		DFF33C612C2A67DD00EB915A /* BottomSheetViewController.swift */ = {isa = PBXFileReference; lastKnownFileType = sourcecode.swift; path = BottomSheetViewController.swift; sourceTree = "<group>"; };
/* End PBXFileReference section */

/* Begin PBXFileSystemSynchronizedBuildFileExceptionSet section */
		DFC4D22D2C91BB3800737A85 /* PBXFileSystemSynchronizedBuildFileExceptionSet */ = {
			isa = PBXFileSystemSynchronizedBuildFileExceptionSet;
			membershipExceptions = (
				Info.plist,
			);
			target = DFC4D21C2C91BB3600737A85 /* CourseActivityWidgetExtensionExtension */;
		};
/* End PBXFileSystemSynchronizedBuildFileExceptionSet section */

/* Begin PBXFileSystemSynchronizedRootGroup section */
		DFC4D2202C91BB3600737A85 /* CourseActivityWidgetExtension */ = {isa = PBXFileSystemSynchronizedRootGroup; exceptions = (DFC4D22D2C91BB3800737A85 /* PBXFileSystemSynchronizedBuildFileExceptionSet */, ); explicitFileTypes = {}; explicitFolders = (); path = CourseActivityWidgetExtension; sourceTree = "<group>"; };
/* End PBXFileSystemSynchronizedRootGroup section */

/* Begin PBXFrameworksBuildPhase section */
		DF338D802C27217D00E22348 /* Frameworks */ = {
			isa = PBXFrameworksBuildPhase;
			buildActionMask = 2147483647;
			files = (
			);
			runOnlyForDeploymentPostprocessing = 0;
		};
		DFC4D21A2C91BB3600737A85 /* Frameworks */ = {
			isa = PBXFrameworksBuildPhase;
			buildActionMask = 2147483647;
			files = (
				DFC4D21F2C91BB3600737A85 /* SwiftUI.framework in Frameworks */,
				DFC4D21E2C91BB3600737A85 /* WidgetKit.framework in Frameworks */,
			);
			runOnlyForDeploymentPostprocessing = 0;
		};
/* End PBXFrameworksBuildPhase section */

/* Begin PBXGroup section */
		DF338D7A2C27217D00E22348 = {
			isa = PBXGroup;
			children = (
				DF338D852C27217D00E22348 /* Scope */,
				DFC4D2202C91BB3600737A85 /* CourseActivityWidgetExtension */,
				DFC4D1FC2C913F2400737A85 /* Frameworks */,
				DF338D842C27217D00E22348 /* Products */,
			);
			sourceTree = "<group>";
		};
		DF338D842C27217D00E22348 /* Products */ = {
			isa = PBXGroup;
			children = (
				DF338D832C27217D00E22348 /* Scope-Class Tracker.app */,
				DFC4D21D2C91BB3600737A85 /* CourseActivityWidgetExtensionExtension.appex */,
			);
			name = Products;
			sourceTree = "<group>";
		};
		DF338D852C27217D00E22348 /* Scope */ = {
			isa = PBXGroup;
			children = (
				DF677ED52C8FBF4D009A407E /* DataManagementViewController.swift */,
				DF677ED32C8E5DB2009A407E /* SettingsViewController.swift */,
				DF1B0F342C8BD32A00CA2CD4 /* DayScheduleCustomizationViewController.swift */,
				DF1B0F322C8A9A1100CA2CD4 /* ScheduleManagerViewController.swift */,
				DFF33C582C2732A600EB915A /* Scope.entitlements */,
				DF338D862C27217D00E22348 /* AppDelegate.swift */,
				DF338D8A2C27217D00E22348 /* ViewController.swift */,
				DF338D8F2C27217F00E22348 /* Assets.xcassets */,
				DF338D912C27217F00E22348 /* LaunchScreen.storyboard */,
				DF338D942C27217F00E22348 /* Info.plist */,
				DFF33C592C27704800EB915A /* Model.swift */,
				DFF33C5B2C27717600EB915A /* CourseViewModel.swift */,
				DFF33C5D2C2771E200EB915A /* Extensions.swift */,
				DFF33C5F2C277E4D00EB915A /* CourseCell.swift */,
				DFF33C612C2A67DD00EB915A /* BottomSheetViewController.swift */,
				DF65121E2C53F175009ADB8E /* CourseInfoViewController.swift */,
				DF6512202C53F2A5009ADB8E /* Delegates.swift */,
				DF0AA4B62C5932C100692B31 /* NewCourseViewController.swift */,
				DF7587DF2C76EA3300EBAFCB /* FullCourseListViewController.swift */,
				DFC4D2332C91BBD600737A85 /* CourseActivityAttributes.swift */,
			);
			path = Scope;
			sourceTree = "<group>";
		};
		DFC4D1FC2C913F2400737A85 /* Frameworks */ = {
			isa = PBXGroup;
			children = (
				DFC4D1FD2C913F2400737A85 /* WidgetKit.framework */,
				DFC4D1FF2C913F2400737A85 /* SwiftUI.framework */,
			);
			name = Frameworks;
			sourceTree = "<group>";
		};
/* End PBXGroup section */

/* Begin PBXNativeTarget section */
		DF338D822C27217D00E22348 /* Scope-Class Tracker */ = {
			isa = PBXNativeTarget;
			buildConfigurationList = DF338D972C27217F00E22348 /* Build configuration list for PBXNativeTarget "Scope-Class Tracker" */;
			buildPhases = (
				DF338D7F2C27217D00E22348 /* Sources */,
				DF338D802C27217D00E22348 /* Frameworks */,
				DF338D812C27217D00E22348 /* Resources */,
				DFC4D2162C913F2600737A85 /* Embed Foundation Extensions */,
			);
			buildRules = (
			);
			dependencies = (
				DFC4D22B2C91BB3800737A85 /* PBXTargetDependency */,
			);
			name = "Scope-Class Tracker";
			productName = Scope;
			productReference = DF338D832C27217D00E22348 /* Scope-Class Tracker.app */;
			productType = "com.apple.product-type.application";
		};
		DFC4D21C2C91BB3600737A85 /* CourseActivityWidgetExtensionExtension */ = {
			isa = PBXNativeTarget;
			buildConfigurationList = DFC4D22E2C91BB3800737A85 /* Build configuration list for PBXNativeTarget "CourseActivityWidgetExtensionExtension" */;
			buildPhases = (
				DFC4D2192C91BB3600737A85 /* Sources */,
				DFC4D21A2C91BB3600737A85 /* Frameworks */,
				DFC4D21B2C91BB3600737A85 /* Resources */,
			);
			buildRules = (
			);
			dependencies = (
			);
			fileSystemSynchronizedGroups = (
				DFC4D2202C91BB3600737A85 /* CourseActivityWidgetExtension */,
			);
			name = CourseActivityWidgetExtensionExtension;
			packageProductDependencies = (
			);
			productName = CourseActivityWidgetExtensionExtension;
			productReference = DFC4D21D2C91BB3600737A85 /* CourseActivityWidgetExtensionExtension.appex */;
			productType = "com.apple.product-type.app-extension";
		};
/* End PBXNativeTarget section */

/* Begin PBXProject section */
		DF338D7B2C27217D00E22348 /* Project object */ = {
			isa = PBXProject;
			attributes = {
				BuildIndependentTargetsInParallel = 1;
				LastSwiftUpdateCheck = 1600;
				LastUpgradeCheck = 1540;
				TargetAttributes = {
					DF338D822C27217D00E22348 = {
						CreatedOnToolsVersion = 15.4;
					};
					DFC4D21C2C91BB3600737A85 = {
						CreatedOnToolsVersion = 16.0;
					};
				};
			};
			buildConfigurationList = DF338D7E2C27217D00E22348 /* Build configuration list for PBXProject "Scope" */;
			compatibilityVersion = "Xcode 14.0";
			developmentRegion = en;
			hasScannedForEncodings = 0;
			knownRegions = (
				en,
				Base,
			);
			mainGroup = DF338D7A2C27217D00E22348;
			productRefGroup = DF338D842C27217D00E22348 /* Products */;
			projectDirPath = "";
			projectRoot = "";
			targets = (
				DF338D822C27217D00E22348 /* Scope-Class Tracker */,
				DFC4D21C2C91BB3600737A85 /* CourseActivityWidgetExtensionExtension */,
			);
		};
/* End PBXProject section */

/* Begin PBXResourcesBuildPhase section */
		DF338D812C27217D00E22348 /* Resources */ = {
			isa = PBXResourcesBuildPhase;
			buildActionMask = 2147483647;
			files = (
				DF338D902C27217F00E22348 /* Assets.xcassets in Resources */,
				DF338D932C27217F00E22348 /* Base in Resources */,
			);
			runOnlyForDeploymentPostprocessing = 0;
		};
		DFC4D21B2C91BB3600737A85 /* Resources */ = {
			isa = PBXResourcesBuildPhase;
			buildActionMask = 2147483647;
			files = (
			);
			runOnlyForDeploymentPostprocessing = 0;
		};
/* End PBXResourcesBuildPhase section */

/* Begin PBXSourcesBuildPhase section */
		DF338D7F2C27217D00E22348 /* Sources */ = {
			isa = PBXSourcesBuildPhase;
			buildActionMask = 2147483647;
			files = (
				DFF33C602C277E4D00EB915A /* CourseCell.swift in Sources */,
				DF1B0F332C8A9A1800CA2CD4 /* ScheduleManagerViewController.swift in Sources */,
				DFF33C622C2A67DD00EB915A /* BottomSheetViewController.swift in Sources */,
				DFF33C5E2C2771E200EB915A /* Extensions.swift in Sources */,
				DF677ED62C8FBF54009A407E /* DataManagementViewController.swift in Sources */,
				DFF33C5A2C27704800EB915A /* Model.swift in Sources */,
				DF338D8B2C27217D00E22348 /* ViewController.swift in Sources */,
				DF7587E02C76EA3300EBAFCB /* FullCourseListViewController.swift in Sources */,
				DF65121F2C53F175009ADB8E /* CourseInfoViewController.swift in Sources */,
				DFF33C5C2C27717600EB915A /* CourseViewModel.swift in Sources */,
				DF677ED42C8E5DB7009A407E /* SettingsViewController.swift in Sources */,
				DF6512212C53F2A5009ADB8E /* Delegates.swift in Sources */,
				DF0AA4B72C5932C100692B31 /* NewCourseViewController.swift in Sources */,
				DF1B0F352C8BD33300CA2CD4 /* DayScheduleCustomizationViewController.swift in Sources */,
				DFC4D2342C91BBD600737A85 /* CourseActivityAttributes.swift in Sources */,
				DF338D872C27217D00E22348 /* AppDelegate.swift in Sources */,
			);
			runOnlyForDeploymentPostprocessing = 0;
		};
		DFC4D2192C91BB3600737A85 /* Sources */ = {
			isa = PBXSourcesBuildPhase;
			buildActionMask = 2147483647;
			files = (
				DFC4D2352C91BBD600737A85 /* CourseActivityAttributes.swift in Sources */,
			);
			runOnlyForDeploymentPostprocessing = 0;
		};
/* End PBXSourcesBuildPhase section */

/* Begin PBXTargetDependency section */
		DFC4D22B2C91BB3800737A85 /* PBXTargetDependency */ = {
			isa = PBXTargetDependency;
			target = DFC4D21C2C91BB3600737A85 /* CourseActivityWidgetExtensionExtension */;
			targetProxy = DFC4D22A2C91BB3800737A85 /* PBXContainerItemProxy */;
		};
/* End PBXTargetDependency section */

/* Begin PBXVariantGroup section */
		DF338D912C27217F00E22348 /* LaunchScreen.storyboard */ = {
			isa = PBXVariantGroup;
			children = (
				DF338D922C27217F00E22348 /* Base */,
			);
			name = LaunchScreen.storyboard;
			sourceTree = "<group>";
		};
/* End PBXVariantGroup section */

/* Begin XCBuildConfiguration section */
		DF338D952C27217F00E22348 /* Debug */ = {
			isa = XCBuildConfiguration;
			buildSettings = {
				ALWAYS_SEARCH_USER_PATHS = NO;
				ASSETCATALOG_COMPILER_GENERATE_SWIFT_ASSET_SYMBOL_EXTENSIONS = YES;
				CLANG_ANALYZER_NONNULL = YES;
				CLANG_ANALYZER_NUMBER_OBJECT_CONVERSION = YES_AGGRESSIVE;
				CLANG_CXX_LANGUAGE_STANDARD = "gnu++20";
				CLANG_ENABLE_MODULES = YES;
				CLANG_ENABLE_OBJC_ARC = YES;
				CLANG_ENABLE_OBJC_WEAK = YES;
				CLANG_WARN_BLOCK_CAPTURE_AUTORELEASING = YES;
				CLANG_WARN_BOOL_CONVERSION = YES;
				CLANG_WARN_COMMA = YES;
				CLANG_WARN_CONSTANT_CONVERSION = YES;
				CLANG_WARN_DEPRECATED_OBJC_IMPLEMENTATIONS = YES;
				CLANG_WARN_DIRECT_OBJC_ISA_USAGE = YES_ERROR;
				CLANG_WARN_DOCUMENTATION_COMMENTS = YES;
				CLANG_WARN_EMPTY_BODY = YES;
				CLANG_WARN_ENUM_CONVERSION = YES;
				CLANG_WARN_INFINITE_RECURSION = YES;
				CLANG_WARN_INT_CONVERSION = YES;
				CLANG_WARN_NON_LITERAL_NULL_CONVERSION = YES;
				CLANG_WARN_OBJC_IMPLICIT_RETAIN_SELF = YES;
				CLANG_WARN_OBJC_LITERAL_CONVERSION = YES;
				CLANG_WARN_OBJC_ROOT_CLASS = YES_ERROR;
				CLANG_WARN_QUOTED_INCLUDE_IN_FRAMEWORK_HEADER = YES;
				CLANG_WARN_RANGE_LOOP_ANALYSIS = YES;
				CLANG_WARN_STRICT_PROTOTYPES = YES;
				CLANG_WARN_SUSPICIOUS_MOVE = YES;
				CLANG_WARN_UNGUARDED_AVAILABILITY = YES_AGGRESSIVE;
				CLANG_WARN_UNREACHABLE_CODE = YES;
				CLANG_WARN__DUPLICATE_METHOD_MATCH = YES;
				COPY_PHASE_STRIP = NO;
				DEBUG_INFORMATION_FORMAT = dwarf;
				ENABLE_STRICT_OBJC_MSGSEND = YES;
				ENABLE_TESTABILITY = YES;
				ENABLE_USER_SCRIPT_SANDBOXING = YES;
				GCC_C_LANGUAGE_STANDARD = gnu17;
				GCC_DYNAMIC_NO_PIC = NO;
				GCC_NO_COMMON_BLOCKS = YES;
				GCC_OPTIMIZATION_LEVEL = 0;
				GCC_PREPROCESSOR_DEFINITIONS = (
					"DEBUG=1",
					"$(inherited)",
				);
				GCC_WARN_64_TO_32_BIT_CONVERSION = YES;
				GCC_WARN_ABOUT_RETURN_TYPE = YES_ERROR;
				GCC_WARN_UNDECLARED_SELECTOR = YES;
				GCC_WARN_UNINITIALIZED_AUTOS = YES_AGGRESSIVE;
				GCC_WARN_UNUSED_FUNCTION = YES;
				GCC_WARN_UNUSED_VARIABLE = YES;
				IPHONEOS_DEPLOYMENT_TARGET = 17.5;
				LOCALIZATION_PREFERS_STRING_CATALOGS = YES;
				MTL_ENABLE_DEBUG_INFO = INCLUDE_SOURCE;
				MTL_FAST_MATH = YES;
				ONLY_ACTIVE_ARCH = YES;
				SDKROOT = iphoneos;
				SWIFT_ACTIVE_COMPILATION_CONDITIONS = "DEBUG $(inherited)";
				SWIFT_OPTIMIZATION_LEVEL = "-Onone";
			};
			name = Debug;
		};
		DF338D962C27217F00E22348 /* Release */ = {
			isa = XCBuildConfiguration;
			buildSettings = {
				ALWAYS_SEARCH_USER_PATHS = NO;
				ASSETCATALOG_COMPILER_GENERATE_SWIFT_ASSET_SYMBOL_EXTENSIONS = YES;
				CLANG_ANALYZER_NONNULL = YES;
				CLANG_ANALYZER_NUMBER_OBJECT_CONVERSION = YES_AGGRESSIVE;
				CLANG_CXX_LANGUAGE_STANDARD = "gnu++20";
				CLANG_ENABLE_MODULES = YES;
				CLANG_ENABLE_OBJC_ARC = YES;
				CLANG_ENABLE_OBJC_WEAK = YES;
				CLANG_WARN_BLOCK_CAPTURE_AUTORELEASING = YES;
				CLANG_WARN_BOOL_CONVERSION = YES;
				CLANG_WARN_COMMA = YES;
				CLANG_WARN_CONSTANT_CONVERSION = YES;
				CLANG_WARN_DEPRECATED_OBJC_IMPLEMENTATIONS = YES;
				CLANG_WARN_DIRECT_OBJC_ISA_USAGE = YES_ERROR;
				CLANG_WARN_DOCUMENTATION_COMMENTS = YES;
				CLANG_WARN_EMPTY_BODY = YES;
				CLANG_WARN_ENUM_CONVERSION = YES;
				CLANG_WARN_INFINITE_RECURSION = YES;
				CLANG_WARN_INT_CONVERSION = YES;
				CLANG_WARN_NON_LITERAL_NULL_CONVERSION = YES;
				CLANG_WARN_OBJC_IMPLICIT_RETAIN_SELF = YES;
				CLANG_WARN_OBJC_LITERAL_CONVERSION = YES;
				CLANG_WARN_OBJC_ROOT_CLASS = YES_ERROR;
				CLANG_WARN_QUOTED_INCLUDE_IN_FRAMEWORK_HEADER = YES;
				CLANG_WARN_RANGE_LOOP_ANALYSIS = YES;
				CLANG_WARN_STRICT_PROTOTYPES = YES;
				CLANG_WARN_SUSPICIOUS_MOVE = YES;
				CLANG_WARN_UNGUARDED_AVAILABILITY = YES_AGGRESSIVE;
				CLANG_WARN_UNREACHABLE_CODE = YES;
				CLANG_WARN__DUPLICATE_METHOD_MATCH = YES;
				COPY_PHASE_STRIP = NO;
				DEBUG_INFORMATION_FORMAT = "dwarf-with-dsym";
				ENABLE_NS_ASSERTIONS = NO;
				ENABLE_STRICT_OBJC_MSGSEND = YES;
				ENABLE_USER_SCRIPT_SANDBOXING = YES;
				GCC_C_LANGUAGE_STANDARD = gnu17;
				GCC_NO_COMMON_BLOCKS = YES;
				GCC_WARN_64_TO_32_BIT_CONVERSION = YES;
				GCC_WARN_ABOUT_RETURN_TYPE = YES_ERROR;
				GCC_WARN_UNDECLARED_SELECTOR = YES;
				GCC_WARN_UNINITIALIZED_AUTOS = YES_AGGRESSIVE;
				GCC_WARN_UNUSED_FUNCTION = YES;
				GCC_WARN_UNUSED_VARIABLE = YES;
				IPHONEOS_DEPLOYMENT_TARGET = 17.5;
				LOCALIZATION_PREFERS_STRING_CATALOGS = YES;
				MTL_ENABLE_DEBUG_INFO = NO;
				MTL_FAST_MATH = YES;
				SDKROOT = iphoneos;
				SWIFT_COMPILATION_MODE = wholemodule;
				VALIDATE_PRODUCT = YES;
			};
			name = Release;
		};
		DF338D982C27217F00E22348 /* Debug */ = {
			isa = XCBuildConfiguration;
			buildSettings = {
				ASSETCATALOG_COMPILER_APPICON_NAME = AppIcon;
				ASSETCATALOG_COMPILER_GLOBAL_ACCENT_COLOR_NAME = AccentColor;
				CODE_SIGN_ENTITLEMENTS = Scope/Scope.entitlements;
				CODE_SIGN_STYLE = Automatic;
				CURRENT_PROJECT_VERSION = 1;
				DEVELOPMENT_TEAM = 44MV7A5JA6;
				GENERATE_INFOPLIST_FILE = YES;
				INFOPLIST_FILE = Scope/Info.plist;
				INFOPLIST_KEY_CFBundleDisplayName = Scope;
				INFOPLIST_KEY_NSSupportsLiveActivities = YES;
				INFOPLIST_KEY_UIApplicationSupportsIndirectInputEvents = YES;
				INFOPLIST_KEY_UILaunchStoryboardName = LaunchScreen;
				INFOPLIST_KEY_UIMainStoryboardFile = "";
				INFOPLIST_KEY_UISupportedInterfaceOrientations_iPad = "UIInterfaceOrientationPortrait UIInterfaceOrientationPortraitUpsideDown UIInterfaceOrientationLandscapeLeft UIInterfaceOrientationLandscapeRight";
				INFOPLIST_KEY_UISupportedInterfaceOrientations_iPhone = "UIInterfaceOrientationPortrait UIInterfaceOrientationLandscapeLeft UIInterfaceOrientationLandscapeRight";
				IPHONEOS_DEPLOYMENT_TARGET = 16.2;
				LD_RUNPATH_SEARCH_PATHS = (
					"$(inherited)",
					"@executable_path/Frameworks",
				);
				MARKETING_VERSION = 1.0;
				PRODUCT_BUNDLE_IDENTIFIER = com.reitman.Scope;
				PRODUCT_NAME = "$(TARGET_NAME)";
				SWIFT_EMIT_LOC_STRINGS = YES;
				SWIFT_VERSION = 5.0;
				TARGETED_DEVICE_FAMILY = "1,2";
			};
			name = Debug;
		};
		DF338D992C27217F00E22348 /* Release */ = {
			isa = XCBuildConfiguration;
			buildSettings = {
				ASSETCATALOG_COMPILER_APPICON_NAME = AppIcon;
				ASSETCATALOG_COMPILER_GLOBAL_ACCENT_COLOR_NAME = AccentColor;
				CODE_SIGN_ENTITLEMENTS = Scope/Scope.entitlements;
				CODE_SIGN_STYLE = Automatic;
				CURRENT_PROJECT_VERSION = 1;
				DEVELOPMENT_TEAM = 44MV7A5JA6;
				GENERATE_INFOPLIST_FILE = YES;
				INFOPLIST_FILE = Scope/Info.plist;
				INFOPLIST_KEY_CFBundleDisplayName = Scope;
				INFOPLIST_KEY_NSSupportsLiveActivities = YES;
				INFOPLIST_KEY_UIApplicationSupportsIndirectInputEvents = YES;
				INFOPLIST_KEY_UILaunchStoryboardName = LaunchScreen;
				INFOPLIST_KEY_UIMainStoryboardFile = "";
				INFOPLIST_KEY_UISupportedInterfaceOrientations_iPad = "UIInterfaceOrientationPortrait UIInterfaceOrientationPortraitUpsideDown UIInterfaceOrientationLandscapeLeft UIInterfaceOrientationLandscapeRight";
				INFOPLIST_KEY_UISupportedInterfaceOrientations_iPhone = "UIInterfaceOrientationPortrait UIInterfaceOrientationLandscapeLeft UIInterfaceOrientationLandscapeRight";
				IPHONEOS_DEPLOYMENT_TARGET = 16.2;
				LD_RUNPATH_SEARCH_PATHS = (
					"$(inherited)",
					"@executable_path/Frameworks",
				);
				MARKETING_VERSION = 1.0;
				PRODUCT_BUNDLE_IDENTIFIER = com.reitman.Scope;
				PRODUCT_NAME = "$(TARGET_NAME)";
				SWIFT_EMIT_LOC_STRINGS = YES;
				SWIFT_VERSION = 5.0;
				TARGETED_DEVICE_FAMILY = "1,2";
			};
			name = Release;
		};
		DFC4D22F2C91BB3800737A85 /* Debug */ = {
			isa = XCBuildConfiguration;
			buildSettings = {
				ASSETCATALOG_COMPILER_GLOBAL_ACCENT_COLOR_NAME = AccentColor;
				ASSETCATALOG_COMPILER_WIDGET_BACKGROUND_COLOR_NAME = WidgetBackground;
				CODE_SIGN_STYLE = Automatic;
				CURRENT_PROJECT_VERSION = 1;
				DEVELOPMENT_TEAM = 44MV7A5JA6;
				GENERATE_INFOPLIST_FILE = YES;
				INFOPLIST_FILE = CourseActivityWidgetExtension/Info.plist;
				INFOPLIST_KEY_CFBundleDisplayName = CourseActivityWidgetExtension;
				INFOPLIST_KEY_NSHumanReadableCopyright = "";
				INFOPLIST_KEY_NSSupportsLiveActivities = YES;
				IPHONEOS_DEPLOYMENT_TARGET = 18.0;
				LD_RUNPATH_SEARCH_PATHS = (
					"$(inherited)",
					"@executable_path/Frameworks",
					"@executable_path/../../Frameworks",
				);
				MARKETING_VERSION = 1.0;
				PRODUCT_BUNDLE_IDENTIFIER = com.reitman.Scope.CourseActivityWidgetExtension;
				PRODUCT_NAME = "$(TARGET_NAME)";
				SKIP_INSTALL = YES;
				SWIFT_EMIT_LOC_STRINGS = YES;
				SWIFT_VERSION = 5.0;
				TARGETED_DEVICE_FAMILY = "1,2";
			};
			name = Debug;
		};
		DFC4D2302C91BB3800737A85 /* Release */ = {
			isa = XCBuildConfiguration;
			buildSettings = {
				ASSETCATALOG_COMPILER_GLOBAL_ACCENT_COLOR_NAME = AccentColor;
				ASSETCATALOG_COMPILER_WIDGET_BACKGROUND_COLOR_NAME = WidgetBackground;
				CODE_SIGN_STYLE = Automatic;
				CURRENT_PROJECT_VERSION = 1;
				DEVELOPMENT_TEAM = 44MV7A5JA6;
				GENERATE_INFOPLIST_FILE = YES;
				INFOPLIST_FILE = CourseActivityWidgetExtension/Info.plist;
				INFOPLIST_KEY_CFBundleDisplayName = CourseActivityWidgetExtension;
				INFOPLIST_KEY_NSHumanReadableCopyright = "";
				INFOPLIST_KEY_NSSupportsLiveActivities = YES;
				IPHONEOS_DEPLOYMENT_TARGET = 18.0;
				LD_RUNPATH_SEARCH_PATHS = (
					"$(inherited)",
					"@executable_path/Frameworks",
					"@executable_path/../../Frameworks",
				);
				MARKETING_VERSION = 1.0;
				PRODUCT_BUNDLE_IDENTIFIER = com.reitman.Scope.CourseActivityWidgetExtension;
				PRODUCT_NAME = "$(TARGET_NAME)";
				SKIP_INSTALL = YES;
				SWIFT_EMIT_LOC_STRINGS = YES;
				SWIFT_VERSION = 5.0;
				TARGETED_DEVICE_FAMILY = "1,2";
			};
			name = Release;
		};
/* End XCBuildConfiguration section */

/* Begin XCConfigurationList section */
		DF338D7E2C27217D00E22348 /* Build configuration list for PBXProject "Scope" */ = {
			isa = XCConfigurationList;
			buildConfigurations = (
				DF338D952C27217F00E22348 /* Debug */,
				DF338D962C27217F00E22348 /* Release */,
			);
			defaultConfigurationIsVisible = 0;
			defaultConfigurationName = Release;
		};
		DF338D972C27217F00E22348 /* Build configuration list for PBXNativeTarget "Scope-Class Tracker" */ = {
			isa = XCConfigurationList;
			buildConfigurations = (
				DF338D982C27217F00E22348 /* Debug */,
				DF338D992C27217F00E22348 /* Release */,
			);
			defaultConfigurationIsVisible = 0;
			defaultConfigurationName = Release;
		};
		DFC4D22E2C91BB3800737A85 /* Build configuration list for PBXNativeTarget "CourseActivityWidgetExtensionExtension" */ = {
			isa = XCConfigurationList;
			buildConfigurations = (
				DFC4D22F2C91BB3800737A85 /* Debug */,
				DFC4D2302C91BB3800737A85 /* Release */,
			);
			defaultConfigurationIsVisible = 0;
			defaultConfigurationName = Release;
		};
/* End XCConfigurationList section */
	};
	rootObject = DF338D7B2C27217D00E22348 /* Project object */;
}
